
Microsoft Visual Studio Solution File, Format Version 12.00
# Visual Studio 15
VisualStudioVersion = 15.0.28307.168
MinimumVisualStudioVersion = 10.0.40219.1
Project("{9A19103F-16F7-4668-BE54-9A1E7A4F7556}") = "SGRY.Api", "SGRY.Api\SGRY.Api.csproj", "{354E4ED2-1A93-4C96-BD39-46F289E3589B}"
EndProject
Project("{E24C65DC-7377-472B-9ABA-BC803B73C61A}") = "SGRY.App", "SGRY.App\", "{79C64183-EA2B-492C-81C2-B24B46F1CB07}"
	ProjectSection(WebsiteProperties) = preProject
		TargetFrameworkMoniker = ".NETFramework,Version%3Dv4.0"
		Debug.AspNetCompiler.VirtualPath = "/localhost_59448"
		Debug.AspNetCompiler.PhysicalPath = "SGRY.App\"
		Debug.AspNetCompiler.TargetPath = "PrecompiledWeb\localhost_59448\"
		Debug.AspNetCompiler.Updateable = "true"
		Debug.AspNetCompiler.ForceOverwrite = "true"
		Debug.AspNetCompiler.FixedNames = "false"
		Debug.AspNetCompiler.Debug = "True"
		Release.AspNetCompiler.VirtualPath = "/localhost_59448"
		Release.AspNetCompiler.PhysicalPath = "SGRY.App\"
		Release.AspNetCompiler.TargetPath = "PrecompiledWeb\localhost_59448\"
		Release.AspNetCompiler.Updateable = "true"
		Release.AspNetCompiler.ForceOverwrite = "true"
		Release.AspNetCompiler.FixedNames = "false"
		Release.AspNetCompiler.Debug = "False"
		VWDPort = "59448"
	EndProjectSection
EndProject
Global
	GlobalSection(SolutionConfigurationPlatforms) = preSolution
		Debug|Any CPU = Debug|Any CPU
		Release|Any CPU = Release|Any CPU
	EndGlobalSection
	GlobalSection(ProjectConfigurationPlatforms) = postSolution
		{354E4ED2-1A93-4C96-BD39-46F289E3589B}.Debug|Any CPU.ActiveCfg = Debug|Any CPU
		{354E4ED2-1A93-4C96-BD39-46F289E3589B}.Debug|Any CPU.Build.0 = Debug|Any CPU
		{354E4ED2-1A93-4C96-BD39-46F289E3589B}.Release|Any CPU.ActiveCfg = Release|Any CPU
		{354E4ED2-1A93-4C96-BD39-46F289E3589B}.Release|Any CPU.Build.0 = Release|Any CPU
		{79C64183-EA2B-492C-81C2-B24B46F1CB07}.Debug|Any CPU.ActiveCfg = Debug|Any CPU
		{79C64183-EA2B-492C-81C2-B24B46F1CB07}.Debug|Any CPU.Build.0 = Debug|Any CPU
		{79C64183-EA2B-492C-81C2-B24B46F1CB07}.Release|Any CPU.ActiveCfg = Debug|Any CPU
		{79C64183-EA2B-492C-81C2-B24B46F1CB07}.Release|Any CPU.Build.0 = Debug|Any CPU
	EndGlobalSection
	GlobalSection(SolutionProperties) = preSolution
		HideSolutionNode = FALSE
	EndGlobalSection
	GlobalSection(ExtensibilityGlobals) = postSolution
		SolutionGuid = {2D32BF04-CF2E-444D-B690-EE983D9D0BC5}
	EndGlobalSection
EndGlobal
